{
  "name": "@deskproapps/deskproapps-sdk-core",
  "version": "1.0.0-beta.17",
  "lockfileVersion": 1,
  "requires": true,
  "dependencies": {
    "batch-processor": {
      "version": "1.0.0",
      "resolved": "https://registry.npmjs.org/batch-processor/-/batch-processor-1.0.0.tgz",
      "integrity": "sha1-dclcMrdI4IUNEMKxaPa9vpiRrOg="
    },
    "cross-domain-safe-weakmap": {
      "version": "1.0.17",
      "resolved": "https://registry.npmjs.org/cross-domain-safe-weakmap/-/cross-domain-safe-weakmap-1.0.17.tgz",
      "integrity": "sha1-4Ab7V8XqFhx7e3n8IHs+vw2rLAs=",
      "requires": {
        "cross-domain-utils": "1.0.25"
      }
    },
    "cross-domain-utils": {
      "version": "1.0.25",
      "resolved": "https://registry.npmjs.org/cross-domain-utils/-/cross-domain-utils-1.0.25.tgz",
      "integrity": "sha1-seusuSFbSFEC+E4PzAbqI3OkTJ8=",
      "requires": {
        "zalgo-promise": "1.0.18"
      }
    },
    "element-resize-detector": {
      "version": "1.1.12",
      "resolved": "https://registry.npmjs.org/element-resize-detector/-/element-resize-detector-1.1.12.tgz",
      "integrity": "sha1-iz/W7t2hf5wAs2Cg6i35knroC6I=",
      "requires": {
        "batch-processor": "1.0.0"
      }
    },
    "eventemitter3": {
      "version": "2.0.3",
      "resolved": "https://registry.npmjs.org/eventemitter3/-/eventemitter3-2.0.3.tgz",
      "integrity": "sha1-teEHm1n7XhuidxwKmTvgYKWMmbo="
    },
    "get-size": {
      "version": "2.0.2",
      "resolved": "https://registry.npmjs.org/get-size/-/get-size-2.0.2.tgz",
      "integrity": "sha1-VV6pirhzLgwCHp4j4iGa3L45jpg="
    },
    "post-robot": {
      "version": "7.0.15",
      "resolved": "https://registry.npmjs.org/post-robot/-/post-robot-7.0.15.tgz",
      "integrity": "sha1-4o1G5zwt3HFd61FAMBE4aOBuRMA=",
      "requires": {
        "cross-domain-safe-weakmap": "1.0.17",
        "cross-domain-utils": "1.0.25",
        "zalgo-promise": "1.0.18"
      }
    },
    "zalgo-promise": {
      "version": "1.0.18",
      "resolved": "https://registry.npmjs.org/zalgo-promise/-/zalgo-promise-1.0.18.tgz",
      "integrity": "sha1-iJpUNsZZrBBZ4cm4ys3/iSQOoLo="
    }
  }
}
